
Microsoft Visual Studio Solution File, Format Version 12.00
# Visual Studio Version 17
VisualStudioVersion = 17.11.35222.181
MinimumVisualStudioVersion = 10.0.40219.1
Project("{FAE04EC0-301F-11D3-BF4B-00C04F79EFBC}") = "SportFogadas", "SportFogadas.csproj", "{CA513265-5B7C-41C0-A27D-E9C90AB88E63}"
EndProject
Global
	GlobalSection(SolutionConfigurationPlatforms) = preSolution
		Debug|Any CPU = Debug|Any CPU
		Release|Any CPU = Release|Any CPU
	EndGlobalSection
	GlobalSection(ProjectConfigurationPlatforms) = postSolution
		{CA513265-5B7C-41C0-A27D-E9C90AB88E63}.Debug|Any CPU.ActiveCfg = Debug|Any CPU
		{CA513265-5B7C-41C0-A27D-E9C90AB88E63}.Debug|Any CPU.Build.0 = Debug|Any CPU
		{CA513265-5B7C-41C0-A27D-E9C90AB88E63}.Release|Any CPU.ActiveCfg = Release|Any CPU
		{CA513265-5B7C-41C0-A27D-E9C90AB88E63}.Release|Any CPU.Build.0 = Release|Any CPU
	EndGlobalSection
	GlobalSection(SolutionProperties) = preSolution
		HideSolutionNode = FALSE
	EndGlobalSection
	GlobalSection(ExtensibilityGlobals) = postSolution
		SolutionGuid = {19352A0A-2F57-4454-B650-7D6B474D2EED}
	EndGlobalSection
EndGlobal
